
Microsoft Visual Studio Solution File, Format Version 12.00
# Visual Studio Version 16
VisualStudioVersion = 16.0.30114.105
MinimumVisualStudioVersion = 10.0.40219.1
Project("{9A19103F-16F7-4668-BE54-9A1E7A4F7556}") = "ProyectoTienda.Server", "ProyectoTienda\Server\ProyectoTienda.Server.csproj", "{B8932044-E44A-46FE-BE7B-CE67EDE6F300}"
EndProject
Project("{9A19103F-16F7-4668-BE54-9A1E7A4F7556}") = "ProyectoTienda.Client", "ProyectoTienda\Client\ProyectoTienda.Client.csproj", "{69C9AFC0-96BB-4766-B3FD-272E4A99D62E}"
EndProject
Project("{9A19103F-16F7-4668-BE54-9A1E7A4F7556}") = "ProyectoTienda.Shared", "ProyectoTienda\Shared\ProyectoTienda.Shared.csproj", "{104D72C7-F828-45D3-A4DB-1249669FB0C3}"
EndProject
Global
	GlobalSection(SolutionConfigurationPlatforms) = preSolution
		Debug|Any CPU = Debug|Any CPU
		Release|Any CPU = Release|Any CPU
	EndGlobalSection
	GlobalSection(ProjectConfigurationPlatforms) = postSolution
		{B8932044-E44A-46FE-BE7B-CE67EDE6F300}.Debug|Any CPU.ActiveCfg = Debug|Any CPU
		{B8932044-E44A-46FE-BE7B-CE67EDE6F300}.Debug|Any CPU.Build.0 = Debug|Any CPU
		{B8932044-E44A-46FE-BE7B-CE67EDE6F300}.Release|Any CPU.ActiveCfg = Release|Any CPU
		{B8932044-E44A-46FE-BE7B-CE67EDE6F300}.Release|Any CPU.Build.0 = Release|Any CPU
		{69C9AFC0-96BB-4766-B3FD-272E4A99D62E}.Debug|Any CPU.ActiveCfg = Debug|Any CPU
		{69C9AFC0-96BB-4766-B3FD-272E4A99D62E}.Debug|Any CPU.Build.0 = Debug|Any CPU
		{69C9AFC0-96BB-4766-B3FD-272E4A99D62E}.Release|Any CPU.ActiveCfg = Release|Any CPU
		{69C9AFC0-96BB-4766-B3FD-272E4A99D62E}.Release|Any CPU.Build.0 = Release|Any CPU
		{104D72C7-F828-45D3-A4DB-1249669FB0C3}.Debug|Any CPU.ActiveCfg = Debug|Any CPU
		{104D72C7-F828-45D3-A4DB-1249669FB0C3}.Debug|Any CPU.Build.0 = Debug|Any CPU
		{104D72C7-F828-45D3-A4DB-1249669FB0C3}.Release|Any CPU.ActiveCfg = Release|Any CPU
		{104D72C7-F828-45D3-A4DB-1249669FB0C3}.Release|Any CPU.Build.0 = Release|Any CPU
	EndGlobalSection
	GlobalSection(SolutionProperties) = preSolution
		HideSolutionNode = FALSE
	EndGlobalSection
	GlobalSection(ExtensibilityGlobals) = postSolution
		SolutionGuid = {ACE8B158-E048-4DBC-8412-2897789F5EF5}
	EndGlobalSection
EndGlobal
